
Microsoft Visual Studio Solution File, Format Version 12.00
# Visual Studio Version 16
VisualStudioVersion = 16.0.31205.134
MinimumVisualStudioVersion = 10.0.40219.1
Project("{FAE04EC0-301F-11D3-BF4B-00C04F79EFBC}") = "Gojek.Android", "Gojek.Android\Gojek.Android.csproj", "{439AFC6C-D6BC-4D62-9F25-F0A84020D880}"
EndProject
Project("{FAE04EC0-301F-11D3-BF4B-00C04F79EFBC}") = "Gojek.iOS", "Gojek.iOS\Gojek.iOS.csproj", "{59D9F6CF-29C0-4DBC-962C-8CB754E028F8}"
EndProject
Project("{FAE04EC0-301F-11D3-BF4B-00C04F79EFBC}") = "Gojek", "Gojek\Gojek.csproj", "{35C1625D-8579-4375-BACA-B9A721C1FCE9}"
EndProject
Global
	GlobalSection(SolutionConfigurationPlatforms) = preSolution
		Debug|Any CPU = Debug|Any CPU
		Debug|iPhone = Debug|iPhone
		Debug|iPhoneSimulator = Debug|iPhoneSimulator
		Release|Any CPU = Release|Any CPU
		Release|iPhone = Release|iPhone
		Release|iPhoneSimulator = Release|iPhoneSimulator
	EndGlobalSection
	GlobalSection(ProjectConfigurationPlatforms) = postSolution
		{439AFC6C-D6BC-4D62-9F25-F0A84020D880}.Debug|Any CPU.ActiveCfg = Debug|Any CPU
		{439AFC6C-D6BC-4D62-9F25-F0A84020D880}.Debug|Any CPU.Build.0 = Debug|Any CPU
		{439AFC6C-D6BC-4D62-9F25-F0A84020D880}.Debug|Any CPU.Deploy.0 = Debug|Any CPU
		{439AFC6C-D6BC-4D62-9F25-F0A84020D880}.Debug|iPhone.ActiveCfg = Debug|Any CPU
		{439AFC6C-D6BC-4D62-9F25-F0A84020D880}.Debug|iPhone.Build.0 = Debug|Any CPU
		{439AFC6C-D6BC-4D62-9F25-F0A84020D880}.Debug|iPhone.Deploy.0 = Debug|Any CPU
		{439AFC6C-D6BC-4D62-9F25-F0A84020D880}.Debug|iPhoneSimulator.ActiveCfg = Debug|Any CPU
		{439AFC6C-D6BC-4D62-9F25-F0A84020D880}.Debug|iPhoneSimulator.Build.0 = Debug|Any CPU
		{439AFC6C-D6BC-4D62-9F25-F0A84020D880}.Debug|iPhoneSimulator.Deploy.0 = Debug|Any CPU
		{439AFC6C-D6BC-4D62-9F25-F0A84020D880}.Release|Any CPU.ActiveCfg = Release|Any CPU
		{439AFC6C-D6BC-4D62-9F25-F0A84020D880}.Release|Any CPU.Build.0 = Release|Any CPU
		{439AFC6C-D6BC-4D62-9F25-F0A84020D880}.Release|Any CPU.Deploy.0 = Release|Any CPU
		{439AFC6C-D6BC-4D62-9F25-F0A84020D880}.Release|iPhone.ActiveCfg = Release|Any CPU
		{439AFC6C-D6BC-4D62-9F25-F0A84020D880}.Release|iPhone.Build.0 = Release|Any CPU
		{439AFC6C-D6BC-4D62-9F25-F0A84020D880}.Release|iPhone.Deploy.0 = Release|Any CPU
		{439AFC6C-D6BC-4D62-9F25-F0A84020D880}.Release|iPhoneSimulator.ActiveCfg = Release|Any CPU
		{439AFC6C-D6BC-4D62-9F25-F0A84020D880}.Release|iPhoneSimulator.Build.0 = Release|Any CPU
		{439AFC6C-D6BC-4D62-9F25-F0A84020D880}.Release|iPhoneSimulator.Deploy.0 = Release|Any CPU
		{59D9F6CF-29C0-4DBC-962C-8CB754E028F8}.Debug|Any CPU.ActiveCfg = Debug|iPhone
		{59D9F6CF-29C0-4DBC-962C-8CB754E028F8}.Debug|Any CPU.Build.0 = Debug|iPhone
		{59D9F6CF-29C0-4DBC-962C-8CB754E028F8}.Debug|Any CPU.Deploy.0 = Debug|iPhone
		{59D9F6CF-29C0-4DBC-962C-8CB754E028F8}.Debug|iPhone.ActiveCfg = Debug|iPhone
		{59D9F6CF-29C0-4DBC-962C-8CB754E028F8}.Debug|iPhone.Build.0 = Debug|iPhone
		{59D9F6CF-29C0-4DBC-962C-8CB754E028F8}.Debug|iPhone.Deploy.0 = Debug|iPhone
		{59D9F6CF-29C0-4DBC-962C-8CB754E028F8}.Debug|iPhoneSimulator.ActiveCfg = Debug|iPhoneSimulator
		{59D9F6CF-29C0-4DBC-962C-8CB754E028F8}.Debug|iPhoneSimulator.Build.0 = Debug|iPhoneSimulator
		{59D9F6CF-29C0-4DBC-962C-8CB754E028F8}.Debug|iPhoneSimulator.Deploy.0 = Debug|iPhoneSimulator
		{59D9F6CF-29C0-4DBC-962C-8CB754E028F8}.Release|Any CPU.ActiveCfg = Release|iPhoneSimulator
		{59D9F6CF-29C0-4DBC-962C-8CB754E028F8}.Release|Any CPU.Build.0 = Release|iPhoneSimulator
		{59D9F6CF-29C0-4DBC-962C-8CB754E028F8}.Release|Any CPU.Deploy.0 = Release|iPhoneSimulator
		{59D9F6CF-29C0-4DBC-962C-8CB754E028F8}.Release|iPhone.ActiveCfg = Release|iPhone
		{59D9F6CF-29C0-4DBC-962C-8CB754E028F8}.Release|iPhone.Build.0 = Release|iPhone
		{59D9F6CF-29C0-4DBC-962C-8CB754E028F8}.Release|iPhone.Deploy.0 = Release|iPhone
		{59D9F6CF-29C0-4DBC-962C-8CB754E028F8}.Release|iPhoneSimulator.ActiveCfg = Release|iPhoneSimulator
		{59D9F6CF-29C0-4DBC-962C-8CB754E028F8}.Release|iPhoneSimulator.Build.0 = Release|iPhoneSimulator
		{59D9F6CF-29C0-4DBC-962C-8CB754E028F8}.Release|iPhoneSimulator.Deploy.0 = Release|iPhoneSimulator
		{35C1625D-8579-4375-BACA-B9A721C1FCE9}.Debug|Any CPU.ActiveCfg = Debug|Any CPU
		{35C1625D-8579-4375-BACA-B9A721C1FCE9}.Debug|Any CPU.Build.0 = Debug|Any CPU
		{35C1625D-8579-4375-BACA-B9A721C1FCE9}.Debug|Any CPU.Deploy.0 = Debug|Any CPU
		{35C1625D-8579-4375-BACA-B9A721C1FCE9}.Debug|iPhone.ActiveCfg = Debug|Any CPU
		{35C1625D-8579-4375-BACA-B9A721C1FCE9}.Debug|iPhone.Build.0 = Debug|Any CPU
		{35C1625D-8579-4375-BACA-B9A721C1FCE9}.Debug|iPhone.Deploy.0 = Debug|Any CPU
		{35C1625D-8579-4375-BACA-B9A721C1FCE9}.Debug|iPhoneSimulator.ActiveCfg = Debug|Any CPU
		{35C1625D-8579-4375-BACA-B9A721C1FCE9}.Debug|iPhoneSimulator.Build.0 = Debug|Any CPU
		{35C1625D-8579-4375-BACA-B9A721C1FCE9}.Debug|iPhoneSimulator.Deploy.0 = Debug|Any CPU
		{35C1625D-8579-4375-BACA-B9A721C1FCE9}.Release|Any CPU.ActiveCfg = Release|Any CPU
		{35C1625D-8579-4375-BACA-B9A721C1FCE9}.Release|Any CPU.Build.0 = Release|Any CPU
		{35C1625D-8579-4375-BACA-B9A721C1FCE9}.Release|Any CPU.Deploy.0 = Release|Any CPU
		{35C1625D-8579-4375-BACA-B9A721C1FCE9}.Release|iPhone.ActiveCfg = Release|Any CPU
		{35C1625D-8579-4375-BACA-B9A721C1FCE9}.Release|iPhone.Build.0 = Release|Any CPU
		{35C1625D-8579-4375-BACA-B9A721C1FCE9}.Release|iPhone.Deploy.0 = Release|Any CPU
		{35C1625D-8579-4375-BACA-B9A721C1FCE9}.Release|iPhoneSimulator.ActiveCfg = Release|Any CPU
		{35C1625D-8579-4375-BACA-B9A721C1FCE9}.Release|iPhoneSimulator.Build.0 = Release|Any CPU
		{35C1625D-8579-4375-BACA-B9A721C1FCE9}.Release|iPhoneSimulator.Deploy.0 = Release|Any CPU
	EndGlobalSection
	GlobalSection(SolutionProperties) = preSolution
		HideSolutionNode = FALSE
	EndGlobalSection
	GlobalSection(ExtensibilityGlobals) = postSolution
		SolutionGuid = {FF0F4804-9EEC-446A-B7BC-50A8C8A2D81F}
	EndGlobalSection
EndGlobal
