
Microsoft Visual Studio Solution File, Format Version 12.00
# Visual Studio Version 16
VisualStudioVersion = 16.0.31205.134
MinimumVisualStudioVersion = 10.0.40219.1
Project("{FAE04EC0-301F-11D3-BF4B-00C04F79EFBC}") = "Gojek.Android", "Gojek.Android\Gojek.Android.csproj", "{439AFC6C-D6BC-4D62-9F25-F0A84020D880}"
EndProject
Project("{FAE04EC0-301F-11D3-BF4B-00C04F79EFBC}") = "Gojek.iOS", "Gojek.iOS\Gojek.iOS.csproj", "{59D9F6CF-29C0-4DBC-962C-8CB754E028F8}"
EndProject
Project("{9A19103F-16F7-4668-BE54-9A1E7A4F7556}") = "Gojek", "Gojek\Gojek.csproj", "{35C1625D-8579-4375-BACA-B9A721C1FCE9}"
EndProject
Project("{FAE04EC0-301F-11D3-BF4B-00C04F79EFBC}") = "GojekUITest", "GojekUITest\GojekUITest.csproj", "{FA3D6EDD-0EFB-4095-BB8E-989E28948C5A}"
EndProject
Project("{FAE04EC0-301F-11D3-BF4B-00C04F79EFBC}") = "GojekUnitest", "GojekUnitest\GojekUnitest.csproj", "{4757D335-2F57-4C3E-9309-5788959ED4BC}"
EndProject
Global
	GlobalSection(SolutionConfigurationPlatforms) = preSolution
		DEBUG_PARTNER|Any CPU = DEBUG_PARTNER|Any CPU
		DEBUG_PARTNER|iPhone = DEBUG_PARTNER|iPhone
		DEBUG_PARTNER|iPhoneSimulator = DEBUG_PARTNER|iPhoneSimulator
		DEBUG_USER|Any CPU = DEBUG_USER|Any CPU
		DEBUG_USER|iPhone = DEBUG_USER|iPhone
		DEBUG_USER|iPhoneSimulator = DEBUG_USER|iPhoneSimulator
		Debug|Any CPU = Debug|Any CPU
		Debug|iPhone = Debug|iPhone
		Debug|iPhoneSimulator = Debug|iPhoneSimulator
		RELEASE_PARTNER|Any CPU = RELEASE_PARTNER|Any CPU
		RELEASE_PARTNER|iPhone = RELEASE_PARTNER|iPhone
		RELEASE_PARTNER|iPhoneSimulator = RELEASE_PARTNER|iPhoneSimulator
		RELEASE_USER|Any CPU = RELEASE_USER|Any CPU
		RELEASE_USER|iPhone = RELEASE_USER|iPhone
		RELEASE_USER|iPhoneSimulator = RELEASE_USER|iPhoneSimulator
		Release|Any CPU = Release|Any CPU
		Release|iPhone = Release|iPhone
		Release|iPhoneSimulator = Release|iPhoneSimulator
	EndGlobalSection
	GlobalSection(ProjectConfigurationPlatforms) = postSolution
		{439AFC6C-D6BC-4D62-9F25-F0A84020D880}.DEBUG_PARTNER|Any CPU.ActiveCfg = DEBUG_PARTNER|Any CPU
		{439AFC6C-D6BC-4D62-9F25-F0A84020D880}.DEBUG_PARTNER|Any CPU.Build.0 = DEBUG_PARTNER|Any CPU
		{439AFC6C-D6BC-4D62-9F25-F0A84020D880}.DEBUG_PARTNER|Any CPU.Deploy.0 = DEBUG_PARTNER|Any CPU
		{439AFC6C-D6BC-4D62-9F25-F0A84020D880}.DEBUG_PARTNER|iPhone.ActiveCfg = DEBUG_PARTNER|Any CPU
		{439AFC6C-D6BC-4D62-9F25-F0A84020D880}.DEBUG_PARTNER|iPhone.Build.0 = DEBUG_PARTNER|Any CPU
		{439AFC6C-D6BC-4D62-9F25-F0A84020D880}.DEBUG_PARTNER|iPhone.Deploy.0 = DEBUG_PARTNER|Any CPU
		{439AFC6C-D6BC-4D62-9F25-F0A84020D880}.DEBUG_PARTNER|iPhoneSimulator.ActiveCfg = DEBUG_PARTNER|Any CPU
		{439AFC6C-D6BC-4D62-9F25-F0A84020D880}.DEBUG_PARTNER|iPhoneSimulator.Build.0 = DEBUG_PARTNER|Any CPU
		{439AFC6C-D6BC-4D62-9F25-F0A84020D880}.DEBUG_PARTNER|iPhoneSimulator.Deploy.0 = DEBUG_PARTNER|Any CPU
		{439AFC6C-D6BC-4D62-9F25-F0A84020D880}.DEBUG_USER|Any CPU.ActiveCfg = DEBUG_USER|Any CPU
		{439AFC6C-D6BC-4D62-9F25-F0A84020D880}.DEBUG_USER|Any CPU.Build.0 = DEBUG_USER|Any CPU
		{439AFC6C-D6BC-4D62-9F25-F0A84020D880}.DEBUG_USER|Any CPU.Deploy.0 = DEBUG_USER|Any CPU
		{439AFC6C-D6BC-4D62-9F25-F0A84020D880}.DEBUG_USER|iPhone.ActiveCfg = DEBUG_USER|Any CPU
		{439AFC6C-D6BC-4D62-9F25-F0A84020D880}.DEBUG_USER|iPhone.Build.0 = DEBUG_USER|Any CPU
		{439AFC6C-D6BC-4D62-9F25-F0A84020D880}.DEBUG_USER|iPhoneSimulator.ActiveCfg = DEBUG_USER|Any CPU
		{439AFC6C-D6BC-4D62-9F25-F0A84020D880}.DEBUG_USER|iPhoneSimulator.Build.0 = DEBUG_USER|Any CPU
		{439AFC6C-D6BC-4D62-9F25-F0A84020D880}.Debug|Any CPU.ActiveCfg = Debug|Any CPU
		{439AFC6C-D6BC-4D62-9F25-F0A84020D880}.Debug|Any CPU.Build.0 = Debug|Any CPU
		{439AFC6C-D6BC-4D62-9F25-F0A84020D880}.Debug|Any CPU.Deploy.0 = Debug|Any CPU
		{439AFC6C-D6BC-4D62-9F25-F0A84020D880}.Debug|iPhone.ActiveCfg = Debug|Any CPU
		{439AFC6C-D6BC-4D62-9F25-F0A84020D880}.Debug|iPhone.Build.0 = Debug|Any CPU
		{439AFC6C-D6BC-4D62-9F25-F0A84020D880}.Debug|iPhone.Deploy.0 = Debug|Any CPU
		{439AFC6C-D6BC-4D62-9F25-F0A84020D880}.Debug|iPhoneSimulator.ActiveCfg = Debug|Any CPU
		{439AFC6C-D6BC-4D62-9F25-F0A84020D880}.Debug|iPhoneSimulator.Build.0 = Debug|Any CPU
		{439AFC6C-D6BC-4D62-9F25-F0A84020D880}.Debug|iPhoneSimulator.Deploy.0 = Debug|Any CPU
		{439AFC6C-D6BC-4D62-9F25-F0A84020D880}.RELEASE_PARTNER|Any CPU.ActiveCfg = RELEASE_PARTNER|Any CPU
		{439AFC6C-D6BC-4D62-9F25-F0A84020D880}.RELEASE_PARTNER|Any CPU.Build.0 = RELEASE_PARTNER|Any CPU
		{439AFC6C-D6BC-4D62-9F25-F0A84020D880}.RELEASE_PARTNER|Any CPU.Deploy.0 = RELEASE_PARTNER|Any CPU
		{439AFC6C-D6BC-4D62-9F25-F0A84020D880}.RELEASE_PARTNER|iPhone.ActiveCfg = RELEASE_PARTNER|Any CPU
		{439AFC6C-D6BC-4D62-9F25-F0A84020D880}.RELEASE_PARTNER|iPhone.Build.0 = RELEASE_PARTNER|Any CPU
		{439AFC6C-D6BC-4D62-9F25-F0A84020D880}.RELEASE_PARTNER|iPhone.Deploy.0 = RELEASE_PARTNER|Any CPU
		{439AFC6C-D6BC-4D62-9F25-F0A84020D880}.RELEASE_PARTNER|iPhoneSimulator.ActiveCfg = RELEASE_PARTNER|Any CPU
		{439AFC6C-D6BC-4D62-9F25-F0A84020D880}.RELEASE_PARTNER|iPhoneSimulator.Build.0 = RELEASE_PARTNER|Any CPU
		{439AFC6C-D6BC-4D62-9F25-F0A84020D880}.RELEASE_PARTNER|iPhoneSimulator.Deploy.0 = RELEASE_PARTNER|Any CPU
		{439AFC6C-D6BC-4D62-9F25-F0A84020D880}.RELEASE_USER|Any CPU.ActiveCfg = RELEASE_USER|Any CPU
		{439AFC6C-D6BC-4D62-9F25-F0A84020D880}.RELEASE_USER|Any CPU.Build.0 = RELEASE_USER|Any CPU
		{439AFC6C-D6BC-4D62-9F25-F0A84020D880}.RELEASE_USER|Any CPU.Deploy.0 = RELEASE_USER|Any CPU
		{439AFC6C-D6BC-4D62-9F25-F0A84020D880}.RELEASE_USER|iPhone.ActiveCfg = RELEASE_USER|Any CPU
		{439AFC6C-D6BC-4D62-9F25-F0A84020D880}.RELEASE_USER|iPhone.Build.0 = RELEASE_USER|Any CPU
		{439AFC6C-D6BC-4D62-9F25-F0A84020D880}.RELEASE_USER|iPhone.Deploy.0 = RELEASE_USER|Any CPU
		{439AFC6C-D6BC-4D62-9F25-F0A84020D880}.RELEASE_USER|iPhoneSimulator.ActiveCfg = RELEASE_USER|Any CPU
		{439AFC6C-D6BC-4D62-9F25-F0A84020D880}.RELEASE_USER|iPhoneSimulator.Build.0 = RELEASE_USER|Any CPU
		{439AFC6C-D6BC-4D62-9F25-F0A84020D880}.RELEASE_USER|iPhoneSimulator.Deploy.0 = RELEASE_USER|Any CPU
		{439AFC6C-D6BC-4D62-9F25-F0A84020D880}.Release|Any CPU.ActiveCfg = Release|Any CPU
		{439AFC6C-D6BC-4D62-9F25-F0A84020D880}.Release|Any CPU.Build.0 = Release|Any CPU
		{439AFC6C-D6BC-4D62-9F25-F0A84020D880}.Release|Any CPU.Deploy.0 = Release|Any CPU
		{439AFC6C-D6BC-4D62-9F25-F0A84020D880}.Release|iPhone.ActiveCfg = Release|Any CPU
		{439AFC6C-D6BC-4D62-9F25-F0A84020D880}.Release|iPhone.Build.0 = Release|Any CPU
		{439AFC6C-D6BC-4D62-9F25-F0A84020D880}.Release|iPhone.Deploy.0 = Release|Any CPU
		{439AFC6C-D6BC-4D62-9F25-F0A84020D880}.Release|iPhoneSimulator.ActiveCfg = Release|Any CPU
		{439AFC6C-D6BC-4D62-9F25-F0A84020D880}.Release|iPhoneSimulator.Build.0 = Release|Any CPU
		{439AFC6C-D6BC-4D62-9F25-F0A84020D880}.Release|iPhoneSimulator.Deploy.0 = Release|Any CPU
		{59D9F6CF-29C0-4DBC-962C-8CB754E028F8}.DEBUG_PARTNER|Any CPU.ActiveCfg = DEBUG_PARTNER|iPhoneSimulator
		{59D9F6CF-29C0-4DBC-962C-8CB754E028F8}.DEBUG_PARTNER|iPhone.ActiveCfg = DEBUG_PARTNER|iPhone
		{59D9F6CF-29C0-4DBC-962C-8CB754E028F8}.DEBUG_PARTNER|iPhone.Build.0 = DEBUG_PARTNER|iPhone
		{59D9F6CF-29C0-4DBC-962C-8CB754E028F8}.DEBUG_PARTNER|iPhoneSimulator.ActiveCfg = DEBUG_PARTNER|iPhoneSimulator
		{59D9F6CF-29C0-4DBC-962C-8CB754E028F8}.DEBUG_PARTNER|iPhoneSimulator.Build.0 = DEBUG_PARTNER|iPhoneSimulator
		{59D9F6CF-29C0-4DBC-962C-8CB754E028F8}.DEBUG_USER|Any CPU.ActiveCfg = DEBUG_USER|iPhoneSimulator
		{59D9F6CF-29C0-4DBC-962C-8CB754E028F8}.DEBUG_USER|iPhone.ActiveCfg = DEBUG_USER|iPhone
		{59D9F6CF-29C0-4DBC-962C-8CB754E028F8}.DEBUG_USER|iPhone.Build.0 = DEBUG_USER|iPhone
		{59D9F6CF-29C0-4DBC-962C-8CB754E028F8}.DEBUG_USER|iPhoneSimulator.ActiveCfg = DEBUG_USER|iPhoneSimulator
		{59D9F6CF-29C0-4DBC-962C-8CB754E028F8}.DEBUG_USER|iPhoneSimulator.Build.0 = DEBUG_USER|iPhoneSimulator
		{59D9F6CF-29C0-4DBC-962C-8CB754E028F8}.Debug|Any CPU.ActiveCfg = Debug|iPhone
		{59D9F6CF-29C0-4DBC-962C-8CB754E028F8}.Debug|Any CPU.Build.0 = Debug|iPhone
		{59D9F6CF-29C0-4DBC-962C-8CB754E028F8}.Debug|Any CPU.Deploy.0 = Debug|iPhone
		{59D9F6CF-29C0-4DBC-962C-8CB754E028F8}.Debug|iPhone.ActiveCfg = Debug|iPhone
		{59D9F6CF-29C0-4DBC-962C-8CB754E028F8}.Debug|iPhone.Build.0 = Debug|iPhone
		{59D9F6CF-29C0-4DBC-962C-8CB754E028F8}.Debug|iPhone.Deploy.0 = Debug|iPhone
		{59D9F6CF-29C0-4DBC-962C-8CB754E028F8}.Debug|iPhoneSimulator.ActiveCfg = Debug|iPhoneSimulator
		{59D9F6CF-29C0-4DBC-962C-8CB754E028F8}.Debug|iPhoneSimulator.Build.0 = Debug|iPhoneSimulator
		{59D9F6CF-29C0-4DBC-962C-8CB754E028F8}.Debug|iPhoneSimulator.Deploy.0 = Debug|iPhoneSimulator
		{59D9F6CF-29C0-4DBC-962C-8CB754E028F8}.RELEASE_PARTNER|Any CPU.ActiveCfg = RELEASE_PARTNER|iPhoneSimulator
		{59D9F6CF-29C0-4DBC-962C-8CB754E028F8}.RELEASE_PARTNER|iPhone.ActiveCfg = RELEASE_PARTNER|iPhone
		{59D9F6CF-29C0-4DBC-962C-8CB754E028F8}.RELEASE_PARTNER|iPhoneSimulator.ActiveCfg = RELEASE_PARTNER|iPhoneSimulator
		{59D9F6CF-29C0-4DBC-962C-8CB754E028F8}.RELEASE_USER|Any CPU.ActiveCfg = RELEASE_USER|iPhoneSimulator
		{59D9F6CF-29C0-4DBC-962C-8CB754E028F8}.RELEASE_USER|iPhone.ActiveCfg = RELEASE_USER|iPhone
		{59D9F6CF-29C0-4DBC-962C-8CB754E028F8}.RELEASE_USER|iPhone.Build.0 = RELEASE_USER|iPhone
		{59D9F6CF-29C0-4DBC-962C-8CB754E028F8}.RELEASE_USER|iPhoneSimulator.ActiveCfg = RELEASE_USER|iPhoneSimulator
		{59D9F6CF-29C0-4DBC-962C-8CB754E028F8}.RELEASE_USER|iPhoneSimulator.Build.0 = RELEASE_USER|iPhoneSimulator
		{59D9F6CF-29C0-4DBC-962C-8CB754E028F8}.Release|Any CPU.ActiveCfg = Release|iPhoneSimulator
		{59D9F6CF-29C0-4DBC-962C-8CB754E028F8}.Release|Any CPU.Build.0 = Release|iPhoneSimulator
		{59D9F6CF-29C0-4DBC-962C-8CB754E028F8}.Release|Any CPU.Deploy.0 = Release|iPhoneSimulator
		{59D9F6CF-29C0-4DBC-962C-8CB754E028F8}.Release|iPhone.ActiveCfg = Release|iPhone
		{59D9F6CF-29C0-4DBC-962C-8CB754E028F8}.Release|iPhone.Build.0 = Release|iPhone
		{59D9F6CF-29C0-4DBC-962C-8CB754E028F8}.Release|iPhone.Deploy.0 = Release|iPhone
		{59D9F6CF-29C0-4DBC-962C-8CB754E028F8}.Release|iPhoneSimulator.ActiveCfg = Release|iPhoneSimulator
		{59D9F6CF-29C0-4DBC-962C-8CB754E028F8}.Release|iPhoneSimulator.Build.0 = Release|iPhoneSimulator
		{59D9F6CF-29C0-4DBC-962C-8CB754E028F8}.Release|iPhoneSimulator.Deploy.0 = Release|iPhoneSimulator
		{35C1625D-8579-4375-BACA-B9A721C1FCE9}.DEBUG_PARTNER|Any CPU.ActiveCfg = DEBUG_PARTNER|Any CPU
		{35C1625D-8579-4375-BACA-B9A721C1FCE9}.DEBUG_PARTNER|Any CPU.Build.0 = DEBUG_PARTNER|Any CPU
		{35C1625D-8579-4375-BACA-B9A721C1FCE9}.DEBUG_PARTNER|iPhone.ActiveCfg = DEBUG_PARTNER|Any CPU
		{35C1625D-8579-4375-BACA-B9A721C1FCE9}.DEBUG_PARTNER|iPhone.Build.0 = DEBUG_PARTNER|Any CPU
		{35C1625D-8579-4375-BACA-B9A721C1FCE9}.DEBUG_PARTNER|iPhoneSimulator.ActiveCfg = DEBUG_PARTNER|Any CPU
		{35C1625D-8579-4375-BACA-B9A721C1FCE9}.DEBUG_PARTNER|iPhoneSimulator.Build.0 = DEBUG_PARTNER|Any CPU
		{35C1625D-8579-4375-BACA-B9A721C1FCE9}.DEBUG_USER|Any CPU.ActiveCfg = DEBUG_USER|Any CPU
		{35C1625D-8579-4375-BACA-B9A721C1FCE9}.DEBUG_USER|Any CPU.Build.0 = DEBUG_USER|Any CPU
		{35C1625D-8579-4375-BACA-B9A721C1FCE9}.DEBUG_USER|iPhone.ActiveCfg = DEBUG_USER|Any CPU
		{35C1625D-8579-4375-BACA-B9A721C1FCE9}.DEBUG_USER|iPhone.Build.0 = DEBUG_USER|Any CPU
		{35C1625D-8579-4375-BACA-B9A721C1FCE9}.DEBUG_USER|iPhoneSimulator.ActiveCfg = DEBUG_USER|Any CPU
		{35C1625D-8579-4375-BACA-B9A721C1FCE9}.DEBUG_USER|iPhoneSimulator.Build.0 = DEBUG_USER|Any CPU
		{35C1625D-8579-4375-BACA-B9A721C1FCE9}.Debug|Any CPU.ActiveCfg = Debug|Any CPU
		{35C1625D-8579-4375-BACA-B9A721C1FCE9}.Debug|Any CPU.Build.0 = Debug|Any CPU
		{35C1625D-8579-4375-BACA-B9A721C1FCE9}.Debug|Any CPU.Deploy.0 = Debug|Any CPU
		{35C1625D-8579-4375-BACA-B9A721C1FCE9}.Debug|iPhone.ActiveCfg = Debug|Any CPU
		{35C1625D-8579-4375-BACA-B9A721C1FCE9}.Debug|iPhone.Build.0 = Debug|Any CPU
		{35C1625D-8579-4375-BACA-B9A721C1FCE9}.Debug|iPhone.Deploy.0 = Debug|Any CPU
		{35C1625D-8579-4375-BACA-B9A721C1FCE9}.Debug|iPhoneSimulator.ActiveCfg = Debug|Any CPU
		{35C1625D-8579-4375-BACA-B9A721C1FCE9}.Debug|iPhoneSimulator.Build.0 = Debug|Any CPU
		{35C1625D-8579-4375-BACA-B9A721C1FCE9}.Debug|iPhoneSimulator.Deploy.0 = Debug|Any CPU
		{35C1625D-8579-4375-BACA-B9A721C1FCE9}.RELEASE_PARTNER|Any CPU.ActiveCfg = RELEASE_PARTNER|Any CPU
		{35C1625D-8579-4375-BACA-B9A721C1FCE9}.RELEASE_PARTNER|Any CPU.Build.0 = RELEASE_PARTNER|Any CPU
		{35C1625D-8579-4375-BACA-B9A721C1FCE9}.RELEASE_PARTNER|iPhone.ActiveCfg = RELEASE_PARTNER|Any CPU
		{35C1625D-8579-4375-BACA-B9A721C1FCE9}.RELEASE_PARTNER|iPhone.Build.0 = RELEASE_PARTNER|Any CPU
		{35C1625D-8579-4375-BACA-B9A721C1FCE9}.RELEASE_PARTNER|iPhoneSimulator.ActiveCfg = RELEASE_PARTNER|Any CPU
		{35C1625D-8579-4375-BACA-B9A721C1FCE9}.RELEASE_PARTNER|iPhoneSimulator.Build.0 = RELEASE_PARTNER|Any CPU
		{35C1625D-8579-4375-BACA-B9A721C1FCE9}.RELEASE_USER|Any CPU.ActiveCfg = RELEASE_USER|Any CPU
		{35C1625D-8579-4375-BACA-B9A721C1FCE9}.RELEASE_USER|Any CPU.Build.0 = RELEASE_USER|Any CPU
		{35C1625D-8579-4375-BACA-B9A721C1FCE9}.RELEASE_USER|iPhone.ActiveCfg = RELEASE_USER|Any CPU
		{35C1625D-8579-4375-BACA-B9A721C1FCE9}.RELEASE_USER|iPhone.Build.0 = RELEASE_USER|Any CPU
		{35C1625D-8579-4375-BACA-B9A721C1FCE9}.RELEASE_USER|iPhoneSimulator.ActiveCfg = RELEASE_USER|Any CPU
		{35C1625D-8579-4375-BACA-B9A721C1FCE9}.RELEASE_USER|iPhoneSimulator.Build.0 = RELEASE_USER|Any CPU
		{35C1625D-8579-4375-BACA-B9A721C1FCE9}.Release|Any CPU.ActiveCfg = Release|Any CPU
		{35C1625D-8579-4375-BACA-B9A721C1FCE9}.Release|Any CPU.Build.0 = Release|Any CPU
		{35C1625D-8579-4375-BACA-B9A721C1FCE9}.Release|Any CPU.Deploy.0 = Release|Any CPU
		{35C1625D-8579-4375-BACA-B9A721C1FCE9}.Release|iPhone.ActiveCfg = Release|Any CPU
		{35C1625D-8579-4375-BACA-B9A721C1FCE9}.Release|iPhone.Build.0 = Release|Any CPU
		{35C1625D-8579-4375-BACA-B9A721C1FCE9}.Release|iPhone.Deploy.0 = Release|Any CPU
		{35C1625D-8579-4375-BACA-B9A721C1FCE9}.Release|iPhoneSimulator.ActiveCfg = Release|Any CPU
		{35C1625D-8579-4375-BACA-B9A721C1FCE9}.Release|iPhoneSimulator.Build.0 = Release|Any CPU
		{35C1625D-8579-4375-BACA-B9A721C1FCE9}.Release|iPhoneSimulator.Deploy.0 = Release|Any CPU
		{FA3D6EDD-0EFB-4095-BB8E-989E28948C5A}.DEBUG_PARTNER|Any CPU.ActiveCfg = Debug|Any CPU
		{FA3D6EDD-0EFB-4095-BB8E-989E28948C5A}.DEBUG_PARTNER|Any CPU.Build.0 = Debug|Any CPU
		{FA3D6EDD-0EFB-4095-BB8E-989E28948C5A}.DEBUG_PARTNER|iPhone.ActiveCfg = Debug|Any CPU
		{FA3D6EDD-0EFB-4095-BB8E-989E28948C5A}.DEBUG_PARTNER|iPhone.Build.0 = Debug|Any CPU
		{FA3D6EDD-0EFB-4095-BB8E-989E28948C5A}.DEBUG_PARTNER|iPhoneSimulator.ActiveCfg = Debug|Any CPU
		{FA3D6EDD-0EFB-4095-BB8E-989E28948C5A}.DEBUG_PARTNER|iPhoneSimulator.Build.0 = Debug|Any CPU
		{FA3D6EDD-0EFB-4095-BB8E-989E28948C5A}.DEBUG_USER|Any CPU.ActiveCfg = Debug|Any CPU
		{FA3D6EDD-0EFB-4095-BB8E-989E28948C5A}.DEBUG_USER|Any CPU.Build.0 = Debug|Any CPU
		{FA3D6EDD-0EFB-4095-BB8E-989E28948C5A}.DEBUG_USER|iPhone.ActiveCfg = Debug|Any CPU
		{FA3D6EDD-0EFB-4095-BB8E-989E28948C5A}.DEBUG_USER|iPhone.Build.0 = Debug|Any CPU
		{FA3D6EDD-0EFB-4095-BB8E-989E28948C5A}.DEBUG_USER|iPhoneSimulator.ActiveCfg = Debug|Any CPU
		{FA3D6EDD-0EFB-4095-BB8E-989E28948C5A}.DEBUG_USER|iPhoneSimulator.Build.0 = Debug|Any CPU
		{FA3D6EDD-0EFB-4095-BB8E-989E28948C5A}.Debug|Any CPU.ActiveCfg = Debug|Any CPU
		{FA3D6EDD-0EFB-4095-BB8E-989E28948C5A}.Debug|Any CPU.Build.0 = Debug|Any CPU
		{FA3D6EDD-0EFB-4095-BB8E-989E28948C5A}.Debug|iPhone.ActiveCfg = Debug|Any CPU
		{FA3D6EDD-0EFB-4095-BB8E-989E28948C5A}.Debug|iPhone.Build.0 = Debug|Any CPU
		{FA3D6EDD-0EFB-4095-BB8E-989E28948C5A}.Debug|iPhoneSimulator.ActiveCfg = Debug|Any CPU
		{FA3D6EDD-0EFB-4095-BB8E-989E28948C5A}.Debug|iPhoneSimulator.Build.0 = Debug|Any CPU
		{FA3D6EDD-0EFB-4095-BB8E-989E28948C5A}.RELEASE_PARTNER|Any CPU.ActiveCfg = Release|Any CPU
		{FA3D6EDD-0EFB-4095-BB8E-989E28948C5A}.RELEASE_PARTNER|Any CPU.Build.0 = Release|Any CPU
		{FA3D6EDD-0EFB-4095-BB8E-989E28948C5A}.RELEASE_PARTNER|iPhone.ActiveCfg = Release|Any CPU
		{FA3D6EDD-0EFB-4095-BB8E-989E28948C5A}.RELEASE_PARTNER|iPhone.Build.0 = Release|Any CPU
		{FA3D6EDD-0EFB-4095-BB8E-989E28948C5A}.RELEASE_PARTNER|iPhoneSimulator.ActiveCfg = Release|Any CPU
		{FA3D6EDD-0EFB-4095-BB8E-989E28948C5A}.RELEASE_PARTNER|iPhoneSimulator.Build.0 = Release|Any CPU
		{FA3D6EDD-0EFB-4095-BB8E-989E28948C5A}.RELEASE_USER|Any CPU.ActiveCfg = Release|Any CPU
		{FA3D6EDD-0EFB-4095-BB8E-989E28948C5A}.RELEASE_USER|Any CPU.Build.0 = Release|Any CPU
		{FA3D6EDD-0EFB-4095-BB8E-989E28948C5A}.RELEASE_USER|iPhone.ActiveCfg = Release|Any CPU
		{FA3D6EDD-0EFB-4095-BB8E-989E28948C5A}.RELEASE_USER|iPhone.Build.0 = Release|Any CPU
		{FA3D6EDD-0EFB-4095-BB8E-989E28948C5A}.RELEASE_USER|iPhoneSimulator.ActiveCfg = Release|Any CPU
		{FA3D6EDD-0EFB-4095-BB8E-989E28948C5A}.RELEASE_USER|iPhoneSimulator.Build.0 = Release|Any CPU
		{FA3D6EDD-0EFB-4095-BB8E-989E28948C5A}.Release|Any CPU.ActiveCfg = Release|Any CPU
		{FA3D6EDD-0EFB-4095-BB8E-989E28948C5A}.Release|Any CPU.Build.0 = Release|Any CPU
		{FA3D6EDD-0EFB-4095-BB8E-989E28948C5A}.Release|iPhone.ActiveCfg = Release|Any CPU
		{FA3D6EDD-0EFB-4095-BB8E-989E28948C5A}.Release|iPhone.Build.0 = Release|Any CPU
		{FA3D6EDD-0EFB-4095-BB8E-989E28948C5A}.Release|iPhoneSimulator.ActiveCfg = Release|Any CPU
		{FA3D6EDD-0EFB-4095-BB8E-989E28948C5A}.Release|iPhoneSimulator.Build.0 = Release|Any CPU
		{4757D335-2F57-4C3E-9309-5788959ED4BC}.DEBUG_PARTNER|Any CPU.ActiveCfg = Debug|Any CPU
		{4757D335-2F57-4C3E-9309-5788959ED4BC}.DEBUG_PARTNER|Any CPU.Build.0 = Debug|Any CPU
		{4757D335-2F57-4C3E-9309-5788959ED4BC}.DEBUG_PARTNER|iPhone.ActiveCfg = Debug|Any CPU
		{4757D335-2F57-4C3E-9309-5788959ED4BC}.DEBUG_PARTNER|iPhone.Build.0 = Debug|Any CPU
		{4757D335-2F57-4C3E-9309-5788959ED4BC}.DEBUG_PARTNER|iPhoneSimulator.ActiveCfg = Debug|Any CPU
		{4757D335-2F57-4C3E-9309-5788959ED4BC}.DEBUG_PARTNER|iPhoneSimulator.Build.0 = Debug|Any CPU
		{4757D335-2F57-4C3E-9309-5788959ED4BC}.DEBUG_USER|Any CPU.ActiveCfg = Debug|Any CPU
		{4757D335-2F57-4C3E-9309-5788959ED4BC}.DEBUG_USER|Any CPU.Build.0 = Debug|Any CPU
		{4757D335-2F57-4C3E-9309-5788959ED4BC}.DEBUG_USER|iPhone.ActiveCfg = Debug|Any CPU
		{4757D335-2F57-4C3E-9309-5788959ED4BC}.DEBUG_USER|iPhone.Build.0 = Debug|Any CPU
		{4757D335-2F57-4C3E-9309-5788959ED4BC}.DEBUG_USER|iPhoneSimulator.ActiveCfg = Debug|Any CPU
		{4757D335-2F57-4C3E-9309-5788959ED4BC}.DEBUG_USER|iPhoneSimulator.Build.0 = Debug|Any CPU
		{4757D335-2F57-4C3E-9309-5788959ED4BC}.Debug|Any CPU.ActiveCfg = Debug|Any CPU
		{4757D335-2F57-4C3E-9309-5788959ED4BC}.Debug|Any CPU.Build.0 = Debug|Any CPU
		{4757D335-2F57-4C3E-9309-5788959ED4BC}.Debug|iPhone.ActiveCfg = Debug|Any CPU
		{4757D335-2F57-4C3E-9309-5788959ED4BC}.Debug|iPhone.Build.0 = Debug|Any CPU
		{4757D335-2F57-4C3E-9309-5788959ED4BC}.Debug|iPhoneSimulator.ActiveCfg = Debug|Any CPU
		{4757D335-2F57-4C3E-9309-5788959ED4BC}.Debug|iPhoneSimulator.Build.0 = Debug|Any CPU
		{4757D335-2F57-4C3E-9309-5788959ED4BC}.RELEASE_PARTNER|Any CPU.ActiveCfg = Release|Any CPU
		{4757D335-2F57-4C3E-9309-5788959ED4BC}.RELEASE_PARTNER|Any CPU.Build.0 = Release|Any CPU
		{4757D335-2F57-4C3E-9309-5788959ED4BC}.RELEASE_PARTNER|iPhone.ActiveCfg = Release|Any CPU
		{4757D335-2F57-4C3E-9309-5788959ED4BC}.RELEASE_PARTNER|iPhone.Build.0 = Release|Any CPU
		{4757D335-2F57-4C3E-9309-5788959ED4BC}.RELEASE_PARTNER|iPhoneSimulator.ActiveCfg = Release|Any CPU
		{4757D335-2F57-4C3E-9309-5788959ED4BC}.RELEASE_PARTNER|iPhoneSimulator.Build.0 = Release|Any CPU
		{4757D335-2F57-4C3E-9309-5788959ED4BC}.RELEASE_USER|Any CPU.ActiveCfg = Release|Any CPU
		{4757D335-2F57-4C3E-9309-5788959ED4BC}.RELEASE_USER|Any CPU.Build.0 = Release|Any CPU
		{4757D335-2F57-4C3E-9309-5788959ED4BC}.RELEASE_USER|iPhone.ActiveCfg = Release|Any CPU
		{4757D335-2F57-4C3E-9309-5788959ED4BC}.RELEASE_USER|iPhone.Build.0 = Release|Any CPU
		{4757D335-2F57-4C3E-9309-5788959ED4BC}.RELEASE_USER|iPhoneSimulator.ActiveCfg = Release|Any CPU
		{4757D335-2F57-4C3E-9309-5788959ED4BC}.RELEASE_USER|iPhoneSimulator.Build.0 = Release|Any CPU
		{4757D335-2F57-4C3E-9309-5788959ED4BC}.Release|Any CPU.ActiveCfg = Release|Any CPU
		{4757D335-2F57-4C3E-9309-5788959ED4BC}.Release|Any CPU.Build.0 = Release|Any CPU
		{4757D335-2F57-4C3E-9309-5788959ED4BC}.Release|iPhone.ActiveCfg = Release|Any CPU
		{4757D335-2F57-4C3E-9309-5788959ED4BC}.Release|iPhone.Build.0 = Release|Any CPU
		{4757D335-2F57-4C3E-9309-5788959ED4BC}.Release|iPhoneSimulator.ActiveCfg = Release|Any CPU
		{4757D335-2F57-4C3E-9309-5788959ED4BC}.Release|iPhoneSimulator.Build.0 = Release|Any CPU
	EndGlobalSection
	GlobalSection(SolutionProperties) = preSolution
		HideSolutionNode = FALSE
	EndGlobalSection
	GlobalSection(ExtensibilityGlobals) = postSolution
		SolutionGuid = {FF0F4804-9EEC-446A-B7BC-50A8C8A2D81F}
	EndGlobalSection
EndGlobal
